
Microsoft Visual Studio Solution File, Format Version 12.00
# Visual Studio Version 17
VisualStudioVersion = 17.14.36203.30 d17.14
MinimumVisualStudioVersion = 10.0.40219.1
Project("{FAE04EC0-301F-11D3-BF4B-00C04F79EFBC}") = "ProductsMicroService.API", "ProductsMicroService.API\ProductsMicroService.API.csproj", "{BA7AEF29-5619-497E-BAED-B9F619C08F3C}"
EndProject
Project("{FAE04EC0-301F-11D3-BF4B-00C04F79EFBC}") = "DataAccessLayer", "DataAccessLayer\DataAccessLayer.csproj", "{34FFD0F1-7F01-433C-B657-2E8C36031E7A}"
EndProject
Project("{FAE04EC0-301F-11D3-BF4B-00C04F79EFBC}") = "BussinessLogicLayer", "BussinessLogicLayer\BussinessLogicLayer.csproj", "{B31FC88C-B6D7-414F-88EA-535A2E6E4E44}"
EndProject
Global
	GlobalSection(SolutionConfigurationPlatforms) = preSolution
		Debug|Any CPU = Debug|Any CPU
		Release|Any CPU = Release|Any CPU
	EndGlobalSection
	GlobalSection(ProjectConfigurationPlatforms) = postSolution
		{BA7AEF29-5619-497E-BAED-B9F619C08F3C}.Debug|Any CPU.ActiveCfg = Debug|Any CPU
		{BA7AEF29-5619-497E-BAED-B9F619C08F3C}.Debug|Any CPU.Build.0 = Debug|Any CPU
		{BA7AEF29-5619-497E-BAED-B9F619C08F3C}.Release|Any CPU.ActiveCfg = Release|Any CPU
		{BA7AEF29-5619-497E-BAED-B9F619C08F3C}.Release|Any CPU.Build.0 = Release|Any CPU
		{34FFD0F1-7F01-433C-B657-2E8C36031E7A}.Debug|Any CPU.ActiveCfg = Debug|Any CPU
		{34FFD0F1-7F01-433C-B657-2E8C36031E7A}.Debug|Any CPU.Build.0 = Debug|Any CPU
		{34FFD0F1-7F01-433C-B657-2E8C36031E7A}.Release|Any CPU.ActiveCfg = Release|Any CPU
		{34FFD0F1-7F01-433C-B657-2E8C36031E7A}.Release|Any CPU.Build.0 = Release|Any CPU
		{B31FC88C-B6D7-414F-88EA-535A2E6E4E44}.Debug|Any CPU.ActiveCfg = Debug|Any CPU
		{B31FC88C-B6D7-414F-88EA-535A2E6E4E44}.Debug|Any CPU.Build.0 = Debug|Any CPU
		{B31FC88C-B6D7-414F-88EA-535A2E6E4E44}.Release|Any CPU.ActiveCfg = Release|Any CPU
		{B31FC88C-B6D7-414F-88EA-535A2E6E4E44}.Release|Any CPU.Build.0 = Release|Any CPU
	EndGlobalSection
	GlobalSection(SolutionProperties) = preSolution
		HideSolutionNode = FALSE
	EndGlobalSection
	GlobalSection(ExtensibilityGlobals) = postSolution
		SolutionGuid = {3E7B891B-8861-4A1D-979B-16312638ACF3}
	EndGlobalSection
EndGlobal
